
Microsoft Visual Studio Solution File, Format Version 12.00
Project("{FAE04EC0-301F-11D3-BF4B-00C04F79EFBC}") = "Tempo.Exporter", "src\Tempo.Exporter.csproj", "{B8239B58-F5A4-485A-B304-7A723BB8D9BC}"
EndProject
Global
	GlobalSection(SolutionConfigurationPlatforms) = preSolution
		Debug|Any CPU = Debug|Any CPU
		Release|Any CPU = Release|Any CPU
	EndGlobalSection
	GlobalSection(ProjectConfigurationPlatforms) = postSolution
		{B8239B58-F5A4-485A-B304-7A723BB8D9BC}.Debug|Any CPU.ActiveCfg = Debug|Any CPU
		{B8239B58-F5A4-485A-B304-7A723BB8D9BC}.Debug|Any CPU.Build.0 = Debug|Any CPU
		{B8239B58-F5A4-485A-B304-7A723BB8D9BC}.Release|Any CPU.ActiveCfg = Release|Any CPU
		{B8239B58-F5A4-485A-B304-7A723BB8D9BC}.Release|Any CPU.Build.0 = Release|Any CPU
	EndGlobalSection
EndGlobal
